{
  "name": "gol-api-server",
  "version": "0.0.0",
  "lockfileVersion": 1,
  "requires": true,
  "dependencies": {
    "loot-table": {
      "version": "0.1.0",
      "resolved": "https://registry.npmjs.org/loot-table/-/loot-table-0.1.0.tgz",
      "integrity": "sha512-l0biki1Cjbh9SizQY3IkyJZpH7r4BS0fRpxRIrnWm+EBJIYSSG3tLhXRdMPO/TwACllBq05nPDtsAJXWS1/6MQ=="
    },
    "seedrandom": {
      "version": "3.0.5",
      "resolved": "https://registry.npmjs.org/seedrandom/-/seedrandom-3.0.5.tgz",
      "integrity": "sha512-8OwmbklUNzwezjGInmZ+2clQmExQPvomqjL7LFqOYqtmuxRgQYqOD3mHaU+MvZn5FLUeVxVfQjwLZW/n/JFuqg=="
    }
  }
}
